// !$*UTF8*$!
{
	archiveVersion = 1;
	classes = {
	};
	objectVersion = 56;
	objects = {

/* Begin PBXBuildFile section */
		A806461829516F0800C3B32F /* BenefitSearchView.swift in Sources */ = {isa = PBXBuildFile; fileRef = A806461729516F0800C3B32F /* BenefitSearchView.swift */; };
		A806461B29517B6D00C3B32F /* BenefitCategoryView.swift in Sources */ = {isa = PBXBuildFile; fileRef = A806461A29517B6D00C3B32F /* BenefitCategoryView.swift */; };
		A806461D29518F3F00C3B32F /* BenefitCategoryDetailView.swift in Sources */ = {isa = PBXBuildFile; fileRef = A806461C29518F3F00C3B32F /* BenefitCategoryDetailView.swift */; };
		D5CBCA0B295169B800D199DD /* ColorExtension.swift in Sources */ = {isa = PBXBuildFile; fileRef = D5CBCA0A295169B800D199DD /* ColorExtension.swift */; };
		D5CBCA0E29516BDD00D199DD /* MyCardView.swift in Sources */ = {isa = PBXBuildFile; fileRef = D5CBCA0D29516BDD00D199DD /* MyCardView.swift */; };
		D5CBCA1129516C5600D199DD /* CollectionViewPagingLayout in Frameworks */ = {isa = PBXBuildFile; productRef = D5CBCA1029516C5600D199DD /* CollectionViewPagingLayout */; };
		D5CBCA132951737300D199DD /* SegmentedControlView.swift in Sources */ = {isa = PBXBuildFile; fileRef = D5CBCA122951737300D199DD /* SegmentedControlView.swift */; };
		D5CBCA162951779C00D199DD /* CardPagingView.swift in Sources */ = {isa = PBXBuildFile; fileRef = D5CBCA152951779C00D199DD /* CardPagingView.swift */; };
		D5CBCA192951782F00D199DD /* Card.swift in Sources */ = {isa = PBXBuildFile; fileRef = D5CBCA182951782F00D199DD /* Card.swift */; };
		D5CBCA1B2951785300D199DD /* CardFlipView.swift in Sources */ = {isa = PBXBuildFile; fileRef = D5CBCA1A2951785300D199DD /* CardFlipView.swift */; };
		D5CBCA1E2951787900D199DD /* CardBackView.swift in Sources */ = {isa = PBXBuildFile; fileRef = D5CBCA1D2951787900D199DD /* CardBackView.swift */; };
		D5CBCA20295178D400D199DD /* CardFrontView.swift in Sources */ = {isa = PBXBuildFile; fileRef = D5CBCA1F295178D400D199DD /* CardFrontView.swift */; };
		D5CBCA2329517EC300D199DD /* AddMyCardView.swift in Sources */ = {isa = PBXBuildFile; fileRef = D5CBCA2229517EC300D199DD /* AddMyCardView.swift */; };
		D5CBCA252951953700D199DD /* SelectCompanyView.swift in Sources */ = {isa = PBXBuildFile; fileRef = D5CBCA242951953700D199DD /* SelectCompanyView.swift */; };
		D5CBCA272951987500D199DD /* AddCardListView.swift in Sources */ = {isa = PBXBuildFile; fileRef = D5CBCA262951987500D199DD /* AddCardListView.swift */; };
		D7BEFD8A29505A96001D4AED /* CardMoaMVPApp.swift in Sources */ = {isa = PBXBuildFile; fileRef = D7BEFD8929505A96001D4AED /* CardMoaMVPApp.swift */; };
		D7BEFD8C29505A96001D4AED /* ContentView.swift in Sources */ = {isa = PBXBuildFile; fileRef = D7BEFD8B29505A96001D4AED /* ContentView.swift */; };
		D7BEFD8E29505A97001D4AED /* Assets.xcassets in Resources */ = {isa = PBXBuildFile; fileRef = D7BEFD8D29505A97001D4AED /* Assets.xcassets */; };
		D7BEFD9129505A97001D4AED /* Preview Assets.xcassets in Resources */ = {isa = PBXBuildFile; fileRef = D7BEFD9029505A97001D4AED /* Preview Assets.xcassets */; };
		D7BEFD9829505B1C001D4AED /* GoogleService-Info.plist in Resources */ = {isa = PBXBuildFile; fileRef = D7BEFD9729505B1C001D4AED /* GoogleService-Info.plist */; };
		D7BEFD9B29505B8A001D4AED /* FirebaseAuth in Frameworks */ = {isa = PBXBuildFile; productRef = D7BEFD9A29505B8A001D4AED /* FirebaseAuth */; };
		D7BEFD9D29505B8A001D4AED /* FirebaseDatabase in Frameworks */ = {isa = PBXBuildFile; productRef = D7BEFD9C29505B8A001D4AED /* FirebaseDatabase */; };
		D7BEFD9F29505B8A001D4AED /* FirebaseDatabaseSwift in Frameworks */ = {isa = PBXBuildFile; productRef = D7BEFD9E29505B8A001D4AED /* FirebaseDatabaseSwift */; };
		D7BEFDA129505B8A001D4AED /* FirebaseFirestore in Frameworks */ = {isa = PBXBuildFile; productRef = D7BEFDA029505B8A001D4AED /* FirebaseFirestore */; };
		D7BEFDA329505B8A001D4AED /* FirebaseFirestoreSwift in Frameworks */ = {isa = PBXBuildFile; productRef = D7BEFDA229505B8A001D4AED /* FirebaseFirestoreSwift */; };
		D7BEFDA529505B8A001D4AED /* FirebaseStorage in Frameworks */ = {isa = PBXBuildFile; productRef = D7BEFDA429505B8A001D4AED /* FirebaseStorage */; };
/* End PBXBuildFile section */

/* Begin PBXFileReference section */
		A806461729516F0800C3B32F /* BenefitSearchView.swift */ = {isa = PBXFileReference; lastKnownFileType = sourcecode.swift; path = BenefitSearchView.swift; sourceTree = "<group>"; };
		A806461A29517B6D00C3B32F /* BenefitCategoryView.swift */ = {isa = PBXFileReference; lastKnownFileType = sourcecode.swift; path = BenefitCategoryView.swift; sourceTree = "<group>"; };
		A806461C29518F3F00C3B32F /* BenefitCategoryDetailView.swift */ = {isa = PBXFileReference; lastKnownFileType = sourcecode.swift; path = BenefitCategoryDetailView.swift; sourceTree = "<group>"; };
		D5CBCA0A295169B800D199DD /* ColorExtension.swift */ = {isa = PBXFileReference; lastKnownFileType = sourcecode.swift; path = ColorExtension.swift; sourceTree = "<group>"; };
		D5CBCA0D29516BDD00D199DD /* MyCardView.swift */ = {isa = PBXFileReference; lastKnownFileType = sourcecode.swift; path = MyCardView.swift; sourceTree = "<group>"; };
		D5CBCA122951737300D199DD /* SegmentedControlView.swift */ = {isa = PBXFileReference; lastKnownFileType = sourcecode.swift; path = SegmentedControlView.swift; sourceTree = "<group>"; };
		D5CBCA152951779C00D199DD /* CardPagingView.swift */ = {isa = PBXFileReference; lastKnownFileType = sourcecode.swift; path = CardPagingView.swift; sourceTree = "<group>"; };
		D5CBCA182951782F00D199DD /* Card.swift */ = {isa = PBXFileReference; lastKnownFileType = sourcecode.swift; path = Card.swift; sourceTree = "<group>"; };
		D5CBCA1A2951785300D199DD /* CardFlipView.swift */ = {isa = PBXFileReference; lastKnownFileType = sourcecode.swift; path = CardFlipView.swift; sourceTree = "<group>"; };
		D5CBCA1D2951787900D199DD /* CardBackView.swift */ = {isa = PBXFileReference; lastKnownFileType = sourcecode.swift; path = CardBackView.swift; sourceTree = "<group>"; };
		D5CBCA1F295178D400D199DD /* CardFrontView.swift */ = {isa = PBXFileReference; lastKnownFileType = sourcecode.swift; path = CardFrontView.swift; sourceTree = "<group>"; };
		D5CBCA2229517EC300D199DD /* AddMyCardView.swift */ = {isa = PBXFileReference; lastKnownFileType = sourcecode.swift; path = AddMyCardView.swift; sourceTree = "<group>"; };
		D5CBCA242951953700D199DD /* SelectCompanyView.swift */ = {isa = PBXFileReference; lastKnownFileType = sourcecode.swift; path = SelectCompanyView.swift; sourceTree = "<group>"; };
		D5CBCA262951987500D199DD /* AddCardListView.swift */ = {isa = PBXFileReference; lastKnownFileType = sourcecode.swift; path = AddCardListView.swift; sourceTree = "<group>"; };
		D7BEFD8629505A96001D4AED /* CardMoaMVP.app */ = {isa = PBXFileReference; explicitFileType = wrapper.application; includeInIndex = 0; path = CardMoaMVP.app; sourceTree = BUILT_PRODUCTS_DIR; };
		D7BEFD8929505A96001D4AED /* CardMoaMVPApp.swift */ = {isa = PBXFileReference; lastKnownFileType = sourcecode.swift; path = CardMoaMVPApp.swift; sourceTree = "<group>"; };
		D7BEFD8B29505A96001D4AED /* ContentView.swift */ = {isa = PBXFileReference; lastKnownFileType = sourcecode.swift; path = ContentView.swift; sourceTree = "<group>"; };
		D7BEFD8D29505A97001D4AED /* Assets.xcassets */ = {isa = PBXFileReference; lastKnownFileType = folder.assetcatalog; path = Assets.xcassets; sourceTree = "<group>"; };
		D7BEFD9029505A97001D4AED /* Preview Assets.xcassets */ = {isa = PBXFileReference; lastKnownFileType = folder.assetcatalog; path = "Preview Assets.xcassets"; sourceTree = "<group>"; };
		D7BEFD9729505B1C001D4AED /* GoogleService-Info.plist */ = {isa = PBXFileReference; fileEncoding = 4; lastKnownFileType = text.plist.xml; path = "GoogleService-Info.plist"; sourceTree = "<group>"; };
/* End PBXFileReference section */

/* Begin PBXFrameworksBuildPhase section */
		D7BEFD8329505A96001D4AED /* Frameworks */ = {
			isa = PBXFrameworksBuildPhase;
			buildActionMask = 2147483647;
			files = (
				D7BEFDA329505B8A001D4AED /* FirebaseFirestoreSwift in Frameworks */,
				D7BEFD9F29505B8A001D4AED /* FirebaseDatabaseSwift in Frameworks */,
				D7BEFDA129505B8A001D4AED /* FirebaseFirestore in Frameworks */,
				D7BEFD9D29505B8A001D4AED /* FirebaseDatabase in Frameworks */,
				D7BEFD9B29505B8A001D4AED /* FirebaseAuth in Frameworks */,
				D5CBCA1129516C5600D199DD /* CollectionViewPagingLayout in Frameworks */,
				D7BEFDA529505B8A001D4AED /* FirebaseStorage in Frameworks */,
			);
			runOnlyForDeploymentPostprocessing = 0;
		};
/* End PBXFrameworksBuildPhase section */

/* Begin PBXGroup section */
		A806461929517AE600C3B32F /* BenefitSearch */ = {
			isa = PBXGroup;
			children = (
				A806461729516F0800C3B32F /* BenefitSearchView.swift */,
				A806461A29517B6D00C3B32F /* BenefitCategoryView.swift */,
				A806461C29518F3F00C3B32F /* BenefitCategoryDetailView.swift */,
			);
			path = BenefitSearch;
			sourceTree = "<group>";
		};
		D5CBCA0C29516BCA00D199DD /* MyCardView */ = {
			isa = PBXGroup;
			children = (
				D5CBCA0D29516BDD00D199DD /* MyCardView.swift */,
				D5CBCA122951737300D199DD /* SegmentedControlView.swift */,
				D5CBCA152951779C00D199DD /* CardPagingView.swift */,
				D5CBCA1A2951785300D199DD /* CardFlipView.swift */,
				D5CBCA1D2951787900D199DD /* CardBackView.swift */,
				D5CBCA1F295178D400D199DD /* CardFrontView.swift */,
				D5CBCA172951781F00D199DD /* TestFile */,
			);
			path = MyCardView;
			sourceTree = "<group>";
		};
		D5CBCA172951781F00D199DD /* TestFile */ = {
			isa = PBXGroup;
			children = (
				D5CBCA182951782F00D199DD /* Card.swift */,
			);
			path = TestFile;
			sourceTree = "<group>";
		};
		D5CBCA2129517EAC00D199DD /* AddMyCardView */ = {
			isa = PBXGroup;
			children = (
				D5CBCA2229517EC300D199DD /* AddMyCardView.swift */,
				D5CBCA242951953700D199DD /* SelectCompanyView.swift */,
				D5CBCA262951987500D199DD /* AddCardListView.swift */,
			);
			path = AddMyCardView;
			sourceTree = "<group>";
		};
		D7BEFD7D29505A95001D4AED = {
			isa = PBXGroup;
			children = (
				D7BEFD8829505A96001D4AED /* CardMoaMVP */,
				D7BEFD8729505A96001D4AED /* Products */,
			);
			sourceTree = "<group>";
		};
		D7BEFD8729505A96001D4AED /* Products */ = {
			isa = PBXGroup;
			children = (
				D7BEFD8629505A96001D4AED /* CardMoaMVP.app */,
			);
			name = Products;
			sourceTree = "<group>";
		};
		D7BEFD8829505A96001D4AED /* CardMoaMVP */ = {
			isa = PBXGroup;
			children = (
				D5CBCA2129517EAC00D199DD /* AddMyCardView */,
				D5CBCA0C29516BCA00D199DD /* MyCardView */,
				D7BEFD9729505B1C001D4AED /* GoogleService-Info.plist */,
				D7BEFD8929505A96001D4AED /* CardMoaMVPApp.swift */,
				D7BEFD8B29505A96001D4AED /* ContentView.swift */,
				A806461929517AE600C3B32F /* BenefitSearch */,
				D5CBCA0A295169B800D199DD /* ColorExtension.swift */,
				D7BEFD8D29505A97001D4AED /* Assets.xcassets */,
				D7BEFD8F29505A97001D4AED /* Preview Content */,
			);
			path = CardMoaMVP;
			sourceTree = "<group>";
		};
		D7BEFD8F29505A97001D4AED /* Preview Content */ = {
			isa = PBXGroup;
			children = (
				D7BEFD9029505A97001D4AED /* Preview Assets.xcassets */,
			);
			path = "Preview Content";
			sourceTree = "<group>";
		};
/* End PBXGroup section */

/* Begin PBXNativeTarget section */
		D7BEFD8529505A96001D4AED /* CardMoaMVP */ = {
			isa = PBXNativeTarget;
			buildConfigurationList = D7BEFD9429505A97001D4AED /* Build configuration list for PBXNativeTarget "CardMoaMVP" */;
			buildPhases = (
				D7BEFD8229505A96001D4AED /* Sources */,
				D7BEFD8329505A96001D4AED /* Frameworks */,
				D7BEFD8429505A96001D4AED /* Resources */,
			);
			buildRules = (
			);
			dependencies = (
			);
			name = CardMoaMVP;
			packageProductDependencies = (
				D7BEFD9A29505B8A001D4AED /* FirebaseAuth */,
				D7BEFD9C29505B8A001D4AED /* FirebaseDatabase */,
				D7BEFD9E29505B8A001D4AED /* FirebaseDatabaseSwift */,
				D7BEFDA029505B8A001D4AED /* FirebaseFirestore */,
				D7BEFDA229505B8A001D4AED /* FirebaseFirestoreSwift */,
				D7BEFDA429505B8A001D4AED /* FirebaseStorage */,
				D5CBCA1029516C5600D199DD /* CollectionViewPagingLayout */,
			);
			productName = CardMoaMVP;
			productReference = D7BEFD8629505A96001D4AED /* CardMoaMVP.app */;
			productType = "com.apple.product-type.application";
		};
/* End PBXNativeTarget section */

/* Begin PBXProject section */
		D7BEFD7E29505A96001D4AED /* Project object */ = {
			isa = PBXProject;
			attributes = {
				BuildIndependentTargetsInParallel = 1;
				LastSwiftUpdateCheck = 1410;
				LastUpgradeCheck = 1410;
				TargetAttributes = {
					D7BEFD8529505A96001D4AED = {
						CreatedOnToolsVersion = 14.1;
					};
				};
			};
			buildConfigurationList = D7BEFD8129505A96001D4AED /* Build configuration list for PBXProject "CardMoaMVP" */;
			compatibilityVersion = "Xcode 14.0";
			developmentRegion = en;
			hasScannedForEncodings = 0;
			knownRegions = (
				en,
				Base,
			);
			mainGroup = D7BEFD7D29505A95001D4AED;
			packageReferences = (
				D7BEFD9929505B8A001D4AED /* XCRemoteSwiftPackageReference "firebase-ios-sdk" */,
				D5CBCA0F29516C5500D199DD /* XCRemoteSwiftPackageReference "CollectionViewPagingLayout" */,
			);
			productRefGroup = D7BEFD8729505A96001D4AED /* Products */;
			projectDirPath = "";
			projectRoot = "";
			targets = (
				D7BEFD8529505A96001D4AED /* CardMoaMVP */,
			);
		};
/* End PBXProject section */

/* Begin PBXResourcesBuildPhase section */
		D7BEFD8429505A96001D4AED /* Resources */ = {
			isa = PBXResourcesBuildPhase;
			buildActionMask = 2147483647;
			files = (
				D7BEFD9129505A97001D4AED /* Preview Assets.xcassets in Resources */,
				D7BEFD8E29505A97001D4AED /* Assets.xcassets in Resources */,
				D7BEFD9829505B1C001D4AED /* GoogleService-Info.plist in Resources */,
			);
			runOnlyForDeploymentPostprocessing = 0;
		};
/* End PBXResourcesBuildPhase section */

/* Begin PBXSourcesBuildPhase section */
		D7BEFD8229505A96001D4AED /* Sources */ = {
			isa = PBXSourcesBuildPhase;
			buildActionMask = 2147483647;
			files = (
				D5CBCA272951987500D199DD /* AddCardListView.swift in Sources */,
				D5CBCA252951953700D199DD /* SelectCompanyView.swift in Sources */,
				D5CBCA0B295169B800D199DD /* ColorExtension.swift in Sources */,
				D7BEFD8C29505A96001D4AED /* ContentView.swift in Sources */,
				D5CBCA20295178D400D199DD /* CardFrontView.swift in Sources */,
				D5CBCA1E2951787900D199DD /* CardBackView.swift in Sources */,
				D5CBCA2329517EC300D199DD /* AddMyCardView.swift in Sources */,
				D5CBCA192951782F00D199DD /* Card.swift in Sources */,
				D5CBCA162951779C00D199DD /* CardPagingView.swift in Sources */,
				D5CBCA0E29516BDD00D199DD /* MyCardView.swift in Sources */,
				D5CBCA1B2951785300D199DD /* CardFlipView.swift in Sources */,
				D7BEFD8A29505A96001D4AED /* CardMoaMVPApp.swift in Sources */,
				D5CBCA132951737300D199DD /* SegmentedControlView.swift in Sources */,
				A806461B29517B6D00C3B32F /* BenefitCategoryView.swift in Sources */,
				A806461D29518F3F00C3B32F /* BenefitCategoryDetailView.swift in Sources */,
				A806461829516F0800C3B32F /* BenefitSearchView.swift in Sources */,
			);
			runOnlyForDeploymentPostprocessing = 0;
		};
/* End PBXSourcesBuildPhase section */

/* Begin XCBuildConfiguration section */
		D7BEFD9229505A97001D4AED /* Debug */ = {
			isa = XCBuildConfiguration;
			buildSettings = {
				ALWAYS_SEARCH_USER_PATHS = NO;
				CLANG_ANALYZER_NONNULL = YES;
				CLANG_ANALYZER_NUMBER_OBJECT_CONVERSION = YES_AGGRESSIVE;
				CLANG_CXX_LANGUAGE_STANDARD = "gnu++20";
				CLANG_ENABLE_MODULES = YES;
				CLANG_ENABLE_OBJC_ARC = YES;
				CLANG_ENABLE_OBJC_WEAK = YES;
				CLANG_WARN_BLOCK_CAPTURE_AUTORELEASING = YES;
				CLANG_WARN_BOOL_CONVERSION = YES;
				CLANG_WARN_COMMA = YES;
				CLANG_WARN_CONSTANT_CONVERSION = YES;
				CLANG_WARN_DEPRECATED_OBJC_IMPLEMENTATIONS = YES;
				CLANG_WARN_DIRECT_OBJC_ISA_USAGE = YES_ERROR;
				CLANG_WARN_DOCUMENTATION_COMMENTS = YES;
				CLANG_WARN_EMPTY_BODY = YES;
				CLANG_WARN_ENUM_CONVERSION = YES;
				CLANG_WARN_INFINITE_RECURSION = YES;
				CLANG_WARN_INT_CONVERSION = YES;
				CLANG_WARN_NON_LITERAL_NULL_CONVERSION = YES;
				CLANG_WARN_OBJC_IMPLICIT_RETAIN_SELF = YES;
				CLANG_WARN_OBJC_LITERAL_CONVERSION = YES;
				CLANG_WARN_OBJC_ROOT_CLASS = YES_ERROR;
				CLANG_WARN_QUOTED_INCLUDE_IN_FRAMEWORK_HEADER = YES;
				CLANG_WARN_RANGE_LOOP_ANALYSIS = YES;
				CLANG_WARN_STRICT_PROTOTYPES = YES;
				CLANG_WARN_SUSPICIOUS_MOVE = YES;
				CLANG_WARN_UNGUARDED_AVAILABILITY = YES_AGGRESSIVE;
				CLANG_WARN_UNREACHABLE_CODE = YES;
				CLANG_WARN__DUPLICATE_METHOD_MATCH = YES;
				COPY_PHASE_STRIP = NO;
				DEBUG_INFORMATION_FORMAT = dwarf;
				ENABLE_STRICT_OBJC_MSGSEND = YES;
				ENABLE_TESTABILITY = YES;
				GCC_C_LANGUAGE_STANDARD = gnu11;
				GCC_DYNAMIC_NO_PIC = NO;
				GCC_NO_COMMON_BLOCKS = YES;
				GCC_OPTIMIZATION_LEVEL = 0;
				GCC_PREPROCESSOR_DEFINITIONS = (
					"DEBUG=1",
					"$(inherited)",
				);
				GCC_WARN_64_TO_32_BIT_CONVERSION = YES;
				GCC_WARN_ABOUT_RETURN_TYPE = YES_ERROR;
				GCC_WARN_UNDECLARED_SELECTOR = YES;
				GCC_WARN_UNINITIALIZED_AUTOS = YES_AGGRESSIVE;
				GCC_WARN_UNUSED_FUNCTION = YES;
				GCC_WARN_UNUSED_VARIABLE = YES;
				IPHONEOS_DEPLOYMENT_TARGET = 16.1;
				MTL_ENABLE_DEBUG_INFO = INCLUDE_SOURCE;
				MTL_FAST_MATH = YES;
				ONLY_ACTIVE_ARCH = YES;
				SDKROOT = iphoneos;
				SWIFT_ACTIVE_COMPILATION_CONDITIONS = DEBUG;
				SWIFT_OPTIMIZATION_LEVEL = "-Onone";
			};
			name = Debug;
		};
		D7BEFD9329505A97001D4AED /* Release */ = {
			isa = XCBuildConfiguration;
			buildSettings = {
				ALWAYS_SEARCH_USER_PATHS = NO;
				CLANG_ANALYZER_NONNULL = YES;
				CLANG_ANALYZER_NUMBER_OBJECT_CONVERSION = YES_AGGRESSIVE;
				CLANG_CXX_LANGUAGE_STANDARD = "gnu++20";
				CLANG_ENABLE_MODULES = YES;
				CLANG_ENABLE_OBJC_ARC = YES;
				CLANG_ENABLE_OBJC_WEAK = YES;
				CLANG_WARN_BLOCK_CAPTURE_AUTORELEASING = YES;
				CLANG_WARN_BOOL_CONVERSION = YES;
				CLANG_WARN_COMMA = YES;
				CLANG_WARN_CONSTANT_CONVERSION = YES;
				CLANG_WARN_DEPRECATED_OBJC_IMPLEMENTATIONS = YES;
				CLANG_WARN_DIRECT_OBJC_ISA_USAGE = YES_ERROR;
				CLANG_WARN_DOCUMENTATION_COMMENTS = YES;
				CLANG_WARN_EMPTY_BODY = YES;
				CLANG_WARN_ENUM_CONVERSION = YES;
				CLANG_WARN_INFINITE_RECURSION = YES;
				CLANG_WARN_INT_CONVERSION = YES;
				CLANG_WARN_NON_LITERAL_NULL_CONVERSION = YES;
				CLANG_WARN_OBJC_IMPLICIT_RETAIN_SELF = YES;
				CLANG_WARN_OBJC_LITERAL_CONVERSION = YES;
				CLANG_WARN_OBJC_ROOT_CLASS = YES_ERROR;
				CLANG_WARN_QUOTED_INCLUDE_IN_FRAMEWORK_HEADER = YES;
				CLANG_WARN_RANGE_LOOP_ANALYSIS = YES;
				CLANG_WARN_STRICT_PROTOTYPES = YES;
				CLANG_WARN_SUSPICIOUS_MOVE = YES;
				CLANG_WARN_UNGUARDED_AVAILABILITY = YES_AGGRESSIVE;
				CLANG_WARN_UNREACHABLE_CODE = YES;
				CLANG_WARN__DUPLICATE_METHOD_MATCH = YES;
				COPY_PHASE_STRIP = NO;
				DEBUG_INFORMATION_FORMAT = "dwarf-with-dsym";
				ENABLE_NS_ASSERTIONS = NO;
				ENABLE_STRICT_OBJC_MSGSEND = YES;
				GCC_C_LANGUAGE_STANDARD = gnu11;
				GCC_NO_COMMON_BLOCKS = YES;
				GCC_WARN_64_TO_32_BIT_CONVERSION = YES;
				GCC_WARN_ABOUT_RETURN_TYPE = YES_ERROR;
				GCC_WARN_UNDECLARED_SELECTOR = YES;
				GCC_WARN_UNINITIALIZED_AUTOS = YES_AGGRESSIVE;
				GCC_WARN_UNUSED_FUNCTION = YES;
				GCC_WARN_UNUSED_VARIABLE = YES;
				IPHONEOS_DEPLOYMENT_TARGET = 16.1;
				MTL_ENABLE_DEBUG_INFO = NO;
				MTL_FAST_MATH = YES;
				SDKROOT = iphoneos;
				SWIFT_COMPILATION_MODE = wholemodule;
				SWIFT_OPTIMIZATION_LEVEL = "-O";
				VALIDATE_PRODUCT = YES;
			};
			name = Release;
		};
		D7BEFD9529505A97001D4AED /* Debug */ = {
			isa = XCBuildConfiguration;
			buildSettings = {
				ASSETCATALOG_COMPILER_APPICON_NAME = AppIcon;
				ASSETCATALOG_COMPILER_GLOBAL_ACCENT_COLOR_NAME = AccentColor;
				CODE_SIGN_STYLE = Automatic;
				CURRENT_PROJECT_VERSION = 1;
				DEVELOPMENT_ASSET_PATHS = "\"CardMoaMVP/Preview Content\"";
				DEVELOPMENT_TEAM = 4RG9LBF3XF;
				ENABLE_PREVIEWS = YES;
				GENERATE_INFOPLIST_FILE = YES;
				INFOPLIST_KEY_UIApplicationSceneManifest_Generation = YES;
				INFOPLIST_KEY_UIApplicationSupportsIndirectInputEvents = YES;
				INFOPLIST_KEY_UILaunchScreen_Generation = YES;
				INFOPLIST_KEY_UISupportedInterfaceOrientations_iPad = "UIInterfaceOrientationPortrait UIInterfaceOrientationPortraitUpsideDown UIInterfaceOrientationLandscapeLeft UIInterfaceOrientationLandscapeRight";
				INFOPLIST_KEY_UISupportedInterfaceOrientations_iPhone = "UIInterfaceOrientationPortrait UIInterfaceOrientationLandscapeLeft UIInterfaceOrientationLandscapeRight";
				LD_RUNPATH_SEARCH_PATHS = (
					"$(inherited)",
					"@executable_path/Frameworks",
				);
				MARKETING_VERSION = 1.0;
				PRODUCT_BUNDLE_IDENTIFIER = jina.CardMoaMVP;
				PRODUCT_NAME = "$(TARGET_NAME)";
				SWIFT_EMIT_LOC_STRINGS = YES;
				SWIFT_VERSION = 5.0;
				TARGETED_DEVICE_FAMILY = "1,2";
			};
			name = Debug;
		};
		D7BEFD9629505A97001D4AED /* Release */ = {
			isa = XCBuildConfiguration;
			buildSettings = {
				ASSETCATALOG_COMPILER_APPICON_NAME = AppIcon;
				ASSETCATALOG_COMPILER_GLOBAL_ACCENT_COLOR_NAME = AccentColor;
				CODE_SIGN_STYLE = Automatic;
				CURRENT_PROJECT_VERSION = 1;
				DEVELOPMENT_ASSET_PATHS = "\"CardMoaMVP/Preview Content\"";
				DEVELOPMENT_TEAM = 4RG9LBF3XF;
				ENABLE_PREVIEWS = YES;
				GENERATE_INFOPLIST_FILE = YES;
				INFOPLIST_KEY_UIApplicationSceneManifest_Generation = YES;
				INFOPLIST_KEY_UIApplicationSupportsIndirectInputEvents = YES;
				INFOPLIST_KEY_UILaunchScreen_Generation = YES;
				INFOPLIST_KEY_UISupportedInterfaceOrientations_iPad = "UIInterfaceOrientationPortrait UIInterfaceOrientationPortraitUpsideDown UIInterfaceOrientationLandscapeLeft UIInterfaceOrientationLandscapeRight";
				INFOPLIST_KEY_UISupportedInterfaceOrientations_iPhone = "UIInterfaceOrientationPortrait UIInterfaceOrientationLandscapeLeft UIInterfaceOrientationLandscapeRight";
				LD_RUNPATH_SEARCH_PATHS = (
					"$(inherited)",
					"@executable_path/Frameworks",
				);
				MARKETING_VERSION = 1.0;
				PRODUCT_BUNDLE_IDENTIFIER = jina.CardMoaMVP;
				PRODUCT_NAME = "$(TARGET_NAME)";
				SWIFT_EMIT_LOC_STRINGS = YES;
				SWIFT_VERSION = 5.0;
				TARGETED_DEVICE_FAMILY = "1,2";
			};
			name = Release;
		};
/* End XCBuildConfiguration section */

/* Begin XCConfigurationList section */
		D7BEFD8129505A96001D4AED /* Build configuration list for PBXProject "CardMoaMVP" */ = {
			isa = XCConfigurationList;
			buildConfigurations = (
				D7BEFD9229505A97001D4AED /* Debug */,
				D7BEFD9329505A97001D4AED /* Release */,
			);
			defaultConfigurationIsVisible = 0;
			defaultConfigurationName = Release;
		};
		D7BEFD9429505A97001D4AED /* Build configuration list for PBXNativeTarget "CardMoaMVP" */ = {
			isa = XCConfigurationList;
			buildConfigurations = (
				D7BEFD9529505A97001D4AED /* Debug */,
				D7BEFD9629505A97001D4AED /* Release */,
			);
			defaultConfigurationIsVisible = 0;
			defaultConfigurationName = Release;
		};
/* End XCConfigurationList section */

/* Begin XCRemoteSwiftPackageReference section */
		D5CBCA0F29516C5500D199DD /* XCRemoteSwiftPackageReference "CollectionViewPagingLayout" */ = {
			isa = XCRemoteSwiftPackageReference;
			repositoryURL = "https://github.com/amirdew/CollectionViewPagingLayout";
			requirement = {
				kind = upToNextMajorVersion;
				minimumVersion = 1.0.0;
			};
		};
		D7BEFD9929505B8A001D4AED /* XCRemoteSwiftPackageReference "firebase-ios-sdk" */ = {
			isa = XCRemoteSwiftPackageReference;
			repositoryURL = "https://github.com/firebase/firebase-ios-sdk";
			requirement = {
				branch = master;
				kind = branch;
			};
		};
/* End XCRemoteSwiftPackageReference section */

/* Begin XCSwiftPackageProductDependency section */
		D5CBCA1029516C5600D199DD /* CollectionViewPagingLayout */ = {
			isa = XCSwiftPackageProductDependency;
			package = D5CBCA0F29516C5500D199DD /* XCRemoteSwiftPackageReference "CollectionViewPagingLayout" */;
			productName = CollectionViewPagingLayout;
		};
		D7BEFD9A29505B8A001D4AED /* FirebaseAuth */ = {
			isa = XCSwiftPackageProductDependency;
			package = D7BEFD9929505B8A001D4AED /* XCRemoteSwiftPackageReference "firebase-ios-sdk" */;
			productName = FirebaseAuth;
		};
		D7BEFD9C29505B8A001D4AED /* FirebaseDatabase */ = {
			isa = XCSwiftPackageProductDependency;
			package = D7BEFD9929505B8A001D4AED /* XCRemoteSwiftPackageReference "firebase-ios-sdk" */;
			productName = FirebaseDatabase;
		};
		D7BEFD9E29505B8A001D4AED /* FirebaseDatabaseSwift */ = {
			isa = XCSwiftPackageProductDependency;
			package = D7BEFD9929505B8A001D4AED /* XCRemoteSwiftPackageReference "firebase-ios-sdk" */;
			productName = FirebaseDatabaseSwift;
		};
		D7BEFDA029505B8A001D4AED /* FirebaseFirestore */ = {
			isa = XCSwiftPackageProductDependency;
			package = D7BEFD9929505B8A001D4AED /* XCRemoteSwiftPackageReference "firebase-ios-sdk" */;
			productName = FirebaseFirestore;
		};
		D7BEFDA229505B8A001D4AED /* FirebaseFirestoreSwift */ = {
			isa = XCSwiftPackageProductDependency;
			package = D7BEFD9929505B8A001D4AED /* XCRemoteSwiftPackageReference "firebase-ios-sdk" */;
			productName = FirebaseFirestoreSwift;
		};
		D7BEFDA429505B8A001D4AED /* FirebaseStorage */ = {
			isa = XCSwiftPackageProductDependency;
			package = D7BEFD9929505B8A001D4AED /* XCRemoteSwiftPackageReference "firebase-ios-sdk" */;
			productName = FirebaseStorage;
		};
/* End XCSwiftPackageProductDependency section */
	};
	rootObject = D7BEFD7E29505A96001D4AED /* Project object */;
}
